
Microsoft Visual Studio Solution File, Format Version 12.00
# Visual Studio 15
VisualStudioVersion = 15.0.27703.2042
MinimumVisualStudioVersion = 10.0.40219.1
Project("{FAE04EC0-301F-11D3-BF4B-00C04F79EFBC}") = "PCShopWinFormAdmin", "PCShopWinFormAdmin\PCShopWinFormAdmin.csproj", "{A24AAC3B-1C65-402C-9614-2C8B52F8EA33}"
EndProject
Project("{FAE04EC0-301F-11D3-BF4B-00C04F79EFBC}") = "PCShopUWPCustomer", "PCShopUWPCustomer\PCShopUWPCustomer.csproj", "{0437F462-C091-45F7-938A-E0DEBF7F065B}"
EndProject
Project("{FAE04EC0-301F-11D3-BF4B-00C04F79EFBC}") = "PCShopSelfHost", "PCShopSelfHost\PCShopSelfHost.csproj", "{4BDDB71E-7E13-4D1B-B04A-139E2985488C}"
EndProject
Global
	GlobalSection(SolutionConfigurationPlatforms) = preSolution
		Debug|Any CPU = Debug|Any CPU
		Debug|ARM = Debug|ARM
		Debug|x64 = Debug|x64
		Debug|x86 = Debug|x86
		Release|Any CPU = Release|Any CPU
		Release|ARM = Release|ARM
		Release|x64 = Release|x64
		Release|x86 = Release|x86
	EndGlobalSection
	GlobalSection(ProjectConfigurationPlatforms) = postSolution
		{A24AAC3B-1C65-402C-9614-2C8B52F8EA33}.Debug|Any CPU.ActiveCfg = Debug|Any CPU
		{A24AAC3B-1C65-402C-9614-2C8B52F8EA33}.Debug|Any CPU.Build.0 = Debug|Any CPU
		{A24AAC3B-1C65-402C-9614-2C8B52F8EA33}.Debug|ARM.ActiveCfg = Debug|Any CPU
		{A24AAC3B-1C65-402C-9614-2C8B52F8EA33}.Debug|ARM.Build.0 = Debug|Any CPU
		{A24AAC3B-1C65-402C-9614-2C8B52F8EA33}.Debug|x64.ActiveCfg = Debug|Any CPU
		{A24AAC3B-1C65-402C-9614-2C8B52F8EA33}.Debug|x64.Build.0 = Debug|Any CPU
		{A24AAC3B-1C65-402C-9614-2C8B52F8EA33}.Debug|x86.ActiveCfg = Debug|Any CPU
		{A24AAC3B-1C65-402C-9614-2C8B52F8EA33}.Debug|x86.Build.0 = Debug|Any CPU
		{A24AAC3B-1C65-402C-9614-2C8B52F8EA33}.Release|Any CPU.ActiveCfg = Release|Any CPU
		{A24AAC3B-1C65-402C-9614-2C8B52F8EA33}.Release|Any CPU.Build.0 = Release|Any CPU
		{A24AAC3B-1C65-402C-9614-2C8B52F8EA33}.Release|ARM.ActiveCfg = Release|Any CPU
		{A24AAC3B-1C65-402C-9614-2C8B52F8EA33}.Release|ARM.Build.0 = Release|Any CPU
		{A24AAC3B-1C65-402C-9614-2C8B52F8EA33}.Release|x64.ActiveCfg = Release|Any CPU
		{A24AAC3B-1C65-402C-9614-2C8B52F8EA33}.Release|x64.Build.0 = Release|Any CPU
		{A24AAC3B-1C65-402C-9614-2C8B52F8EA33}.Release|x86.ActiveCfg = Release|Any CPU
		{A24AAC3B-1C65-402C-9614-2C8B52F8EA33}.Release|x86.Build.0 = Release|Any CPU
		{0437F462-C091-45F7-938A-E0DEBF7F065B}.Debug|Any CPU.ActiveCfg = Debug|x86
		{0437F462-C091-45F7-938A-E0DEBF7F065B}.Debug|ARM.ActiveCfg = Debug|ARM
		{0437F462-C091-45F7-938A-E0DEBF7F065B}.Debug|ARM.Build.0 = Debug|ARM
		{0437F462-C091-45F7-938A-E0DEBF7F065B}.Debug|ARM.Deploy.0 = Debug|ARM
		{0437F462-C091-45F7-938A-E0DEBF7F065B}.Debug|x64.ActiveCfg = Debug|x64
		{0437F462-C091-45F7-938A-E0DEBF7F065B}.Debug|x64.Build.0 = Debug|x64
		{0437F462-C091-45F7-938A-E0DEBF7F065B}.Debug|x64.Deploy.0 = Debug|x64
		{0437F462-C091-45F7-938A-E0DEBF7F065B}.Debug|x86.ActiveCfg = Debug|x86
		{0437F462-C091-45F7-938A-E0DEBF7F065B}.Debug|x86.Build.0 = Debug|x86
		{0437F462-C091-45F7-938A-E0DEBF7F065B}.Debug|x86.Deploy.0 = Debug|x86
		{0437F462-C091-45F7-938A-E0DEBF7F065B}.Release|Any CPU.ActiveCfg = Release|x86
		{0437F462-C091-45F7-938A-E0DEBF7F065B}.Release|ARM.ActiveCfg = Release|ARM
		{0437F462-C091-45F7-938A-E0DEBF7F065B}.Release|ARM.Build.0 = Release|ARM
		{0437F462-C091-45F7-938A-E0DEBF7F065B}.Release|ARM.Deploy.0 = Release|ARM
		{0437F462-C091-45F7-938A-E0DEBF7F065B}.Release|x64.ActiveCfg = Release|x64
		{0437F462-C091-45F7-938A-E0DEBF7F065B}.Release|x64.Build.0 = Release|x64
		{0437F462-C091-45F7-938A-E0DEBF7F065B}.Release|x64.Deploy.0 = Release|x64
		{0437F462-C091-45F7-938A-E0DEBF7F065B}.Release|x86.ActiveCfg = Release|x86
		{0437F462-C091-45F7-938A-E0DEBF7F065B}.Release|x86.Build.0 = Release|x86
		{0437F462-C091-45F7-938A-E0DEBF7F065B}.Release|x86.Deploy.0 = Release|x86
		{4BDDB71E-7E13-4D1B-B04A-139E2985488C}.Debug|Any CPU.ActiveCfg = Debug|Any CPU
		{4BDDB71E-7E13-4D1B-B04A-139E2985488C}.Debug|Any CPU.Build.0 = Debug|Any CPU
		{4BDDB71E-7E13-4D1B-B04A-139E2985488C}.Debug|ARM.ActiveCfg = Debug|Any CPU
		{4BDDB71E-7E13-4D1B-B04A-139E2985488C}.Debug|ARM.Build.0 = Debug|Any CPU
		{4BDDB71E-7E13-4D1B-B04A-139E2985488C}.Debug|x64.ActiveCfg = Debug|Any CPU
		{4BDDB71E-7E13-4D1B-B04A-139E2985488C}.Debug|x64.Build.0 = Debug|Any CPU
		{4BDDB71E-7E13-4D1B-B04A-139E2985488C}.Debug|x86.ActiveCfg = Debug|Any CPU
		{4BDDB71E-7E13-4D1B-B04A-139E2985488C}.Debug|x86.Build.0 = Debug|Any CPU
		{4BDDB71E-7E13-4D1B-B04A-139E2985488C}.Release|Any CPU.ActiveCfg = Release|Any CPU
		{4BDDB71E-7E13-4D1B-B04A-139E2985488C}.Release|Any CPU.Build.0 = Release|Any CPU
		{4BDDB71E-7E13-4D1B-B04A-139E2985488C}.Release|ARM.ActiveCfg = Release|Any CPU
		{4BDDB71E-7E13-4D1B-B04A-139E2985488C}.Release|ARM.Build.0 = Release|Any CPU
		{4BDDB71E-7E13-4D1B-B04A-139E2985488C}.Release|x64.ActiveCfg = Release|Any CPU
		{4BDDB71E-7E13-4D1B-B04A-139E2985488C}.Release|x64.Build.0 = Release|Any CPU
		{4BDDB71E-7E13-4D1B-B04A-139E2985488C}.Release|x86.ActiveCfg = Release|Any CPU
		{4BDDB71E-7E13-4D1B-B04A-139E2985488C}.Release|x86.Build.0 = Release|Any CPU
	EndGlobalSection
	GlobalSection(SolutionProperties) = preSolution
		HideSolutionNode = FALSE
	EndGlobalSection
	GlobalSection(ExtensibilityGlobals) = postSolution
		SolutionGuid = {74645446-ABD9-4262-9928-7C3463AB4341}
	EndGlobalSection
EndGlobal
